
Microsoft Visual Studio Solution File, Format Version 12.00
# Visual Studio Version 17
VisualStudioVersion = 17.0.31903.59
MinimumVisualStudioVersion = 10.0.40219.1
Project("{FAE04EC0-301F-11D3-BF4B-00C04F79EFBC}") = "Backend", "Backend\Backend.csproj", "{606BB196-DD3C-409B-9E0B-ED35BA998E78}"
EndProject
Project("{FAE04EC0-301F-11D3-BF4B-00C04F79EFBC}") = "HardkorowyKodsuClient", "HardkorowyKodsuClient\HardkorowyKodsuClient.csproj", "{FC02AAE0-3651-4C86-8A21-C131A8A02ED7}"
EndProject
Project("{FAE04EC0-301F-11D3-BF4B-00C04F79EFBC}") = "Backend.Model", "Backend.Model\Backend.Model.csproj", "{59FCD312-32CD-496E-8DF2-4E7A63A39837}"
EndProject
Global
	GlobalSection(SolutionConfigurationPlatforms) = preSolution
		Debug|Any CPU = Debug|Any CPU
		Release|Any CPU = Release|Any CPU
	EndGlobalSection
	GlobalSection(ProjectConfigurationPlatforms) = postSolution
		{606BB196-DD3C-409B-9E0B-ED35BA998E78}.Debug|Any CPU.ActiveCfg = Debug|Any CPU
		{606BB196-DD3C-409B-9E0B-ED35BA998E78}.Debug|Any CPU.Build.0 = Debug|Any CPU
		{606BB196-DD3C-409B-9E0B-ED35BA998E78}.Release|Any CPU.ActiveCfg = Release|Any CPU
		{606BB196-DD3C-409B-9E0B-ED35BA998E78}.Release|Any CPU.Build.0 = Release|Any CPU
		{FC02AAE0-3651-4C86-8A21-C131A8A02ED7}.Debug|Any CPU.ActiveCfg = Debug|Any CPU
		{FC02AAE0-3651-4C86-8A21-C131A8A02ED7}.Debug|Any CPU.Build.0 = Debug|Any CPU
		{FC02AAE0-3651-4C86-8A21-C131A8A02ED7}.Release|Any CPU.ActiveCfg = Release|Any CPU
		{FC02AAE0-3651-4C86-8A21-C131A8A02ED7}.Release|Any CPU.Build.0 = Release|Any CPU
		{59FCD312-32CD-496E-8DF2-4E7A63A39837}.Debug|Any CPU.ActiveCfg = Debug|Any CPU
		{59FCD312-32CD-496E-8DF2-4E7A63A39837}.Debug|Any CPU.Build.0 = Debug|Any CPU
		{59FCD312-32CD-496E-8DF2-4E7A63A39837}.Release|Any CPU.ActiveCfg = Release|Any CPU
		{59FCD312-32CD-496E-8DF2-4E7A63A39837}.Release|Any CPU.Build.0 = Release|Any CPU
	EndGlobalSection
	GlobalSection(SolutionProperties) = preSolution
		HideSolutionNode = FALSE
	EndGlobalSection
EndGlobal
